<?xml version="1.0" encoding="utf-8"?>
<Project ToolsVersion="4.0" xmlns="http://schemas.microsoft.com/developer/msbuild/2003">
  <ItemGroup>
    <Filter Include="Utilities">
      <UniqueIdentifier>{8da78d31-9c5c-44c6-9830-c2fc2e6cac8c}</UniqueIdentifier>
    </Filter>
    <Filter Include="Systems">
      <UniqueIdentifier>{ed1f9b73-7cdd-48a6-860e-9b19206a71c1}</UniqueIdentifier>
    </Filter>
    <Filter Include="Settings">
      <UniqueIdentifier>{6b0e5222-c724-473e-ad95-c165488af261}</UniqueIdentifier>
    </Filter>
    <Filter Include="Rendering">
      <UniqueIdentifier>{cf857d52-5a54-41ef-9502-169764b00d14}</UniqueIdentifier>
    </Filter>
    <Filter Include="Tools">
      <UniqueIdentifier>{097536c6-1926-4989-868d-277f90966af2}</UniqueIdentifier>
    </Filter>
    <Filter Include="Tools\Meshes">
      <UniqueIdentifier>{9c621331-64d6-4056-9ba2-b2f5dc249ca6}</UniqueIdentifier>
    </Filter>
    <Filter Include="Tools\Viewer">
      <UniqueIdentifier>{d550b37a-91d8-431d-a078-0447b5611375}</UniqueIdentifier>
    </Filter>
    <Filter Include="Tools\SimpleD3D">
      <UniqueIdentifier>{892db836-fdd7-4445-80ed-bbaa0dea53b5}</UniqueIdentifier>
    </Filter>
    <Filter Include="Rendering\Buffers">
      <UniqueIdentifier>{9d9e51cf-5143-4dc1-bccf-fd45ef3267cb}</UniqueIdentifier>
    </Filter>
    <Filter Include="Debugging">
      <UniqueIdentifier>{65472379-8f57-45f9-bf7c-aa78819f1064}</UniqueIdentifier>
    </Filter>
  </ItemGroup>
  <ItemGroup>
    <ClCompile Include="Framework.cpp" />
    <ClCompile Include="Systems\Gui.cpp">
      <Filter>Systems</Filter>
    </ClCompile>
    <ClCompile Include="Systems\Window.cpp">
      <Filter>Systems</Filter>
    </ClCompile>
    <ClCompile Include="Systems\D3D.cpp">
      <Filter>Systems</Filter>
    </ClCompile>
    <ClCompile Include="Utilities\BinaryFile.cpp">
      <Filter>Utilities</Filter>
    </ClCompile>
    <ClCompile Include="Utilities\Path.cpp">
      <Filter>Utilities</Filter>
    </ClCompile>
    <ClCompile Include="Utilities\String.cpp">
      <Filter>Utilities</Filter>
    </ClCompile>
    <ClCompile Include="Utilities\Xml.cpp">
      <Filter>Utilities</Filter>
    </ClCompile>
    <ClCompile Include="Rendering\Context.cpp">
      <Filter>Rendering</Filter>
    </ClCompile>
    <ClCompile Include="Tools\GameLogic.cpp">
      <Filter>Tools</Filter>
    </ClCompile>
    <ClCompile Include="Tools\Keyboard.cpp">
      <Filter>Tools</Filter>
    </ClCompile>
    <ClCompile Include="Tools\Math.cpp">
      <Filter>Tools</Filter>
    </ClCompile>
    <ClCompile Include="Tools\Mouse.cpp">
      <Filter>Tools</Filter>
    </ClCompile>
    <ClCompile Include="Tools\SphereCoord.cpp">
      <Filter>Tools</Filter>
    </ClCompile>
    <ClCompile Include="Tools\Time.cpp">
      <Filter>Tools</Filter>
    </ClCompile>
    <ClCompile Include="Tools\Transform.cpp">
      <Filter>Tools</Filter>
    </ClCompile>
    <ClCompile Include="Tools\WinDesc.cpp">
      <Filter>Tools</Filter>
    </ClCompile>
    <ClCompile Include="Tools\Viewer\Camera.cpp">
      <Filter>Tools\Viewer</Filter>
    </ClCompile>
    <ClCompile Include="Tools\Viewer\Freedom.cpp">
      <Filter>Tools\Viewer</Filter>
    </ClCompile>
    <ClCompile Include="Tools\Viewer\Orthographic.cpp">
      <Filter>Tools\Viewer</Filter>
    </ClCompile>
    <ClCompile Include="Tools\Viewer\Perspective.cpp">
      <Filter>Tools\Viewer</Filter>
    </ClCompile>
    <ClCompile Include="Tools\Viewer\Projection.cpp">
      <Filter>Tools\Viewer</Filter>
    </ClCompile>
    <ClCompile Include="Tools\Viewer\Viewport.cpp">
      <Filter>Tools\Viewer</Filter>
    </ClCompile>
    <ClCompile Include="Tools\SimpleD3D\DirectionalLight.cpp">
      <Filter>Tools\SimpleD3D</Filter>
    </ClCompile>
    <ClCompile Include="Tools\SimpleD3D\ImGuiInputText.cpp">
      <Filter>Tools\SimpleD3D</Filter>
    </ClCompile>
    <ClCompile Include="Tools\SimpleD3D\Shader.cpp">
      <Filter>Tools\SimpleD3D</Filter>
    </ClCompile>
    <ClCompile Include="Tools\SimpleD3D\Texture.cpp">
      <Filter>Tools\SimpleD3D</Filter>
    </ClCompile>
    <ClCompile Include="Rendering\Buffers\ShaderSetter.cpp">
      <Filter>Rendering\Buffers</Filter>
    </ClCompile>
    <ClCompile Include="Debugging\DebugLog.cpp">
      <Filter>Debugging</Filter>
    </ClCompile>
  </ItemGroup>
  <ItemGroup>
    <ClInclude Include="Framework.h" />
    <ClInclude Include="Systems\Gui.h">
      <Filter>Systems</Filter>
    </ClInclude>
    <ClInclude Include="Systems\IExecute.h">
      <Filter>Systems</Filter>
    </ClInclude>
    <ClInclude Include="Systems\Window.h">
      <Filter>Systems</Filter>
    </ClInclude>
    <ClInclude Include="Systems\D3D.h">
      <Filter>Systems</Filter>
    </ClInclude>
    <ClInclude Include="Settings\WindowSettings.h">
      <Filter>Settings</Filter>
    </ClInclude>
    <ClInclude Include="Settings\URI.h">
      <Filter>Settings</Filter>
    </ClInclude>
    <ClInclude Include="Settings\ShaderEffectName.h">
      <Filter>Settings</Filter>
    </ClInclude>
    <ClInclude Include="Utilities\BinaryFile.h">
      <Filter>Utilities</Filter>
    </ClInclude>
    <ClInclude Include="Utilities\Path.h">
      <Filter>Utilities</Filter>
    </ClInclude>
    <ClInclude Include="Utilities\String.h">
      <Filter>Utilities</Filter>
    </ClInclude>
    <ClInclude Include="Utilities\Xml.h">
      <Filter>Utilities</Filter>
    </ClInclude>
    <ClInclude Include="Rendering\Context.h">
      <Filter>Rendering</Filter>
    </ClInclude>
    <ClInclude Include="Tools\GameLogic.h">
      <Filter>Tools</Filter>
    </ClInclude>
    <ClInclude Include="Tools\Keyboard.h">
      <Filter>Tools</Filter>
    </ClInclude>
    <ClInclude Include="Tools\Math.h">
      <Filter>Tools</Filter>
    </ClInclude>
    <ClInclude Include="Tools\Mouse.h">
      <Filter>Tools</Filter>
    </ClInclude>
    <ClInclude Include="Tools\SphereCoord.h">
      <Filter>Tools</Filter>
    </ClInclude>
    <ClInclude Include="Tools\Time.h">
      <Filter>Tools</Filter>
    </ClInclude>
    <ClInclude Include="Tools\Transform.h">
      <Filter>Tools</Filter>
    </ClInclude>
    <ClInclude Include="Tools\WinDesc.h">
      <Filter>Tools</Filter>
    </ClInclude>
    <ClInclude Include="Tools\Meshes\MeshData.h">
      <Filter>Tools\Meshes</Filter>
    </ClInclude>
    <ClInclude Include="Tools\Viewer\Camera.h">
      <Filter>Tools\Viewer</Filter>
    </ClInclude>
    <ClInclude Include="Tools\Viewer\Freedom.h">
      <Filter>Tools\Viewer</Filter>
    </ClInclude>
    <ClInclude Include="Tools\Viewer\Orthographic.h">
      <Filter>Tools\Viewer</Filter>
    </ClInclude>
    <ClInclude Include="Tools\Viewer\Perspective.h">
      <Filter>Tools\Viewer</Filter>
    </ClInclude>
    <ClInclude Include="Tools\Viewer\Projection.h">
      <Filter>Tools\Viewer</Filter>
    </ClInclude>
    <ClInclude Include="Tools\Viewer\Viewport.h">
      <Filter>Tools\Viewer</Filter>
    </ClInclude>
    <ClInclude Include="Tools\SimpleD3D\DirectionalLight.h">
      <Filter>Tools\SimpleD3D</Filter>
    </ClInclude>
    <ClInclude Include="Tools\SimpleD3D\ImGuiInputText.h">
      <Filter>Tools\SimpleD3D</Filter>
    </ClInclude>
    <ClInclude Include="Tools\SimpleD3D\Shader.h">
      <Filter>Tools\SimpleD3D</Filter>
    </ClInclude>
    <ClInclude Include="Tools\SimpleD3D\Texture.h">
      <Filter>Tools\SimpleD3D</Filter>
    </ClInclude>
    <ClInclude Include="Rendering\Buffers\IEffectVariable.h">
      <Filter>Rendering\Buffers</Filter>
    </ClInclude>
    <ClInclude Include="Rendering\Buffers\ShaderSetter.h">
      <Filter>Rendering\Buffers</Filter>
    </ClInclude>
    <ClInclude Include="Debugging\DebugLog.h">
      <Filter>Debugging</Filter>
    </ClInclude>
  </ItemGroup>
</Project>