<?xml version="1.0" encoding="utf-8"?>
<Project ToolsVersion="4.0" xmlns="http://schemas.microsoft.com/developer/msbuild/2003">
  <ItemGroup>
    <Filter Include="Renders">
      <UniqueIdentifier>{8220d1e2-9100-4061-99a3-c65c82663953}</UniqueIdentifier>
    </Filter>
    <Filter Include="Systems">
      <UniqueIdentifier>{979a1902-95a8-4b30-9dcb-9e582c7b786f}</UniqueIdentifier>
    </Filter>
    <Filter Include="Utilities">
      <UniqueIdentifier>{269489d1-62ff-4bad-9f10-851cf1b922f0}</UniqueIdentifier>
    </Filter>
    <Filter Include="Viewer">
      <UniqueIdentifier>{fe702134-0838-4ab2-89fb-688f7c3c498f}</UniqueIdentifier>
    </Filter>
    <Filter Include="Environment">
      <UniqueIdentifier>{5e943c23-f109-4ecf-8e65-93839e54a157}</UniqueIdentifier>
    </Filter>
    <Filter Include="Meshes">
      <UniqueIdentifier>{d28a10bf-c5ec-4304-9487-adc8a893f73a}</UniqueIdentifier>
    </Filter>
    <Filter Include="Model">
      <UniqueIdentifier>{7a1890e6-39b2-411f-b7ef-f31d1de1dbd3}</UniqueIdentifier>
    </Filter>
    <Filter Include="Objects">
      <UniqueIdentifier>{b015eb24-5764-4e87-a646-9c353ae7d459}</UniqueIdentifier>
    </Filter>
    <Filter Include="Editor">
      <UniqueIdentifier>{44771110-57a8-4dd6-af56-281ed15420ea}</UniqueIdentifier>
    </Filter>
    <Filter Include="Editor\Inspector">
      <UniqueIdentifier>{09dab0d6-a78c-4599-8ed9-e5a79e6f3c03}</UniqueIdentifier>
    </Filter>
    <Filter Include="Editor\Inspector\Objects">
      <UniqueIdentifier>{0a3ea1cb-1ea5-4498-95bb-6768c94067a1}</UniqueIdentifier>
    </Filter>
    <Filter Include="Editor\Utilities">
      <UniqueIdentifier>{3f6e5fc3-c78b-40f2-b6a2-7b45beb09e95}</UniqueIdentifier>
    </Filter>
  </ItemGroup>
  <ItemGroup>
    <ClCompile Include="Framework.cpp" />
    <ClCompile Include="Renders\Context.cpp">
      <Filter>Renders</Filter>
    </ClCompile>
    <ClCompile Include="Renders\Shader.cpp">
      <Filter>Renders</Filter>
    </ClCompile>
    <ClCompile Include="Renders\Texture.cpp">
      <Filter>Renders</Filter>
    </ClCompile>
    <ClCompile Include="Systems\D3D.cpp">
      <Filter>Systems</Filter>
    </ClCompile>
    <ClCompile Include="Systems\Gui.cpp">
      <Filter>Systems</Filter>
    </ClCompile>
    <ClCompile Include="Systems\Keyboard.cpp">
      <Filter>Systems</Filter>
    </ClCompile>
    <ClCompile Include="Systems\Mouse.cpp">
      <Filter>Systems</Filter>
    </ClCompile>
    <ClCompile Include="Systems\Time.cpp">
      <Filter>Systems</Filter>
    </ClCompile>
    <ClCompile Include="Systems\Window.cpp">
      <Filter>Systems</Filter>
    </ClCompile>
    <ClCompile Include="Utilities\BinaryFile.cpp">
      <Filter>Utilities</Filter>
    </ClCompile>
    <ClCompile Include="Utilities\Math.cpp">
      <Filter>Utilities</Filter>
    </ClCompile>
    <ClCompile Include="Utilities\Path.cpp">
      <Filter>Utilities</Filter>
    </ClCompile>
    <ClCompile Include="Utilities\String.cpp">
      <Filter>Utilities</Filter>
    </ClCompile>
    <ClCompile Include="Utilities\Xml.cpp">
      <Filter>Utilities</Filter>
    </ClCompile>
    <ClCompile Include="Viewer\Orthographic.cpp">
      <Filter>Viewer</Filter>
    </ClCompile>
    <ClCompile Include="Viewer\Perspective.cpp">
      <Filter>Viewer</Filter>
    </ClCompile>
    <ClCompile Include="Viewer\Projection.cpp">
      <Filter>Viewer</Filter>
    </ClCompile>
    <ClCompile Include="Viewer\Viewport.cpp">
      <Filter>Viewer</Filter>
    </ClCompile>
    <ClCompile Include="Viewer\Camera.cpp">
      <Filter>Viewer</Filter>
    </ClCompile>
    <ClCompile Include="Viewer\Freedom.cpp">
      <Filter>Viewer</Filter>
    </ClCompile>
    <ClCompile Include="Environment\Terrain.cpp">
      <Filter>Environment</Filter>
    </ClCompile>
    <ClCompile Include="Meshes\MeshQuad.cpp">
      <Filter>Meshes</Filter>
    </ClCompile>
    <ClCompile Include="Meshes\Mesh.cpp">
      <Filter>Meshes</Filter>
    </ClCompile>
    <ClCompile Include="Renders\Buffers.cpp">
      <Filter>Renders</Filter>
    </ClCompile>
    <ClCompile Include="Renders\PerFrame.cpp">
      <Filter>Renders</Filter>
    </ClCompile>
    <ClCompile Include="Renders\Renderer.cpp">
      <Filter>Renders</Filter>
    </ClCompile>
    <ClCompile Include="Renders\Transform.cpp">
      <Filter>Renders</Filter>
    </ClCompile>
    <ClCompile Include="Meshes\MeshCube.cpp">
      <Filter>Meshes</Filter>
    </ClCompile>
    <ClCompile Include="Meshes\MeshCylinder.cpp">
      <Filter>Meshes</Filter>
    </ClCompile>
    <ClCompile Include="Meshes\MeshGrid.cpp">
      <Filter>Meshes</Filter>
    </ClCompile>
    <ClCompile Include="Meshes\MeshSphere.cpp">
      <Filter>Meshes</Filter>
    </ClCompile>
    <ClCompile Include="Environment\CubeSky.cpp">
      <Filter>Environment</Filter>
    </ClCompile>
    <ClCompile Include="Model\Model.cpp">
      <Filter>Model</Filter>
    </ClCompile>
    <ClCompile Include="Renders\Material.cpp">
      <Filter>Renders</Filter>
    </ClCompile>
    <ClCompile Include="Model\ModelMesh.cpp">
      <Filter>Model</Filter>
    </ClCompile>
    <ClCompile Include="Model\ModelRender.cpp">
      <Filter>Model</Filter>
    </ClCompile>
    <ClCompile Include="Objects\Collider.cpp">
      <Filter>Objects</Filter>
    </ClCompile>
    <ClCompile Include="Renders\DrowLine.cpp">
      <Filter>Renders</Filter>
    </ClCompile>
    <ClCompile Include="Model\ModelClip.cpp">
      <Filter>Model</Filter>
    </ClCompile>
    <ClCompile Include="Model\ModelAnimator.cpp">
      <Filter>Model</Filter>
    </ClCompile>
    <ClCompile Include="Editor\Inspector\Objects\InspectorContext.cpp">
      <Filter>Editor\Inspector\Objects</Filter>
    </ClCompile>
    <ClCompile Include="Editor\Inspector\Objects\InspectorCube.cpp">
      <Filter>Editor\Inspector\Objects</Filter>
    </ClCompile>
    <ClCompile Include="Editor\Inspector\Objects\InspectorModel.cpp">
      <Filter>Editor\Inspector\Objects</Filter>
    </ClCompile>
    <ClCompile Include="Editor\Inspector\Objects\InspectorTerrain.cpp">
      <Filter>Editor\Inspector\Objects</Filter>
    </ClCompile>
    <ClCompile Include="Editor\Inspector\InspectorFactory.cpp">
      <Filter>Editor\Inspector</Filter>
    </ClCompile>
    <ClCompile Include="Editor\Inspector\InspectorObject.cpp">
      <Filter>Editor\Inspector</Filter>
    </ClCompile>
    <ClCompile Include="Editor\SceneValueEditor.cpp">
      <Filter>Editor</Filter>
    </ClCompile>
    <ClCompile Include="Editor\Inspector\Objects\InspectorAnimator.cpp">
      <Filter>Editor\Inspector\Objects</Filter>
    </ClCompile>
    <ClCompile Include="Editor\Utilities\InputTextImGui.cpp">
      <Filter>Editor\Utilities</Filter>
    </ClCompile>
    <ClCompile Include="Editor\Utilities\FileDialogXml.cpp">
      <Filter>Editor\Utilities</Filter>
    </ClCompile>
    <ClCompile Include="Environment\Billboard.cpp">
      <Filter>Environment</Filter>
    </ClCompile>
    <ClCompile Include="Environment\Rain.cpp">
      <Filter>Environment</Filter>
    </ClCompile>
    <ClCompile Include="Environment\Snow.cpp">
      <Filter>Environment</Filter>
    </ClCompile>
    <ClCompile Include="Model\AttachedModel.cpp">
      <Filter>Model</Filter>
    </ClCompile>
    <ClCompile Include="Model\ClipTransformMap.cpp">
      <Filter>Model</Filter>
    </ClCompile>
    <ClCompile Include="Environment\TerrainBrush.cpp">
      <Filter>Environment</Filter>
    </ClCompile>
    <ClCompile Include="Model\ClipAnimator.cpp">
      <Filter>Model</Filter>
    </ClCompile>
  </ItemGroup>
  <ItemGroup>
    <ClInclude Include="Framework.h" />
    <ClInclude Include="Renders\Context.h">
      <Filter>Renders</Filter>
    </ClInclude>
    <ClInclude Include="Renders\Shader.h">
      <Filter>Renders</Filter>
    </ClInclude>
    <ClInclude Include="Renders\Texture.h">
      <Filter>Renders</Filter>
    </ClInclude>
    <ClInclude Include="Renders\VertexLayouts.h">
      <Filter>Renders</Filter>
    </ClInclude>
    <ClInclude Include="Systems\D3D.h">
      <Filter>Systems</Filter>
    </ClInclude>
    <ClInclude Include="Systems\Gui.h">
      <Filter>Systems</Filter>
    </ClInclude>
    <ClInclude Include="Systems\IExecute.h">
      <Filter>Systems</Filter>
    </ClInclude>
    <ClInclude Include="Systems\Keyboard.h">
      <Filter>Systems</Filter>
    </ClInclude>
    <ClInclude Include="Systems\Mouse.h">
      <Filter>Systems</Filter>
    </ClInclude>
    <ClInclude Include="Systems\Time.h">
      <Filter>Systems</Filter>
    </ClInclude>
    <ClInclude Include="Systems\Window.h">
      <Filter>Systems</Filter>
    </ClInclude>
    <ClInclude Include="Utilities\BinaryFile.h">
      <Filter>Utilities</Filter>
    </ClInclude>
    <ClInclude Include="Utilities\Math.h">
      <Filter>Utilities</Filter>
    </ClInclude>
    <ClInclude Include="Utilities\Path.h">
      <Filter>Utilities</Filter>
    </ClInclude>
    <ClInclude Include="Utilities\String.h">
      <Filter>Utilities</Filter>
    </ClInclude>
    <ClInclude Include="Utilities\Xml.h">
      <Filter>Utilities</Filter>
    </ClInclude>
    <ClInclude Include="Viewer\Orthographic.h">
      <Filter>Viewer</Filter>
    </ClInclude>
    <ClInclude Include="Viewer\Perspective.h">
      <Filter>Viewer</Filter>
    </ClInclude>
    <ClInclude Include="Viewer\Projection.h">
      <Filter>Viewer</Filter>
    </ClInclude>
    <ClInclude Include="Viewer\Viewport.h">
      <Filter>Viewer</Filter>
    </ClInclude>
    <ClInclude Include="Viewer\Camera.h">
      <Filter>Viewer</Filter>
    </ClInclude>
    <ClInclude Include="Viewer\Freedom.h">
      <Filter>Viewer</Filter>
    </ClInclude>
    <ClInclude Include="Environment\Terrain.h">
      <Filter>Environment</Filter>
    </ClInclude>
    <ClInclude Include="Meshes\MeshQuad.h">
      <Filter>Meshes</Filter>
    </ClInclude>
    <ClInclude Include="Meshes\Mesh.h">
      <Filter>Meshes</Filter>
    </ClInclude>
    <ClInclude Include="Renders\Buffers.h">
      <Filter>Renders</Filter>
    </ClInclude>
    <ClInclude Include="Renders\PerFrame.h">
      <Filter>Renders</Filter>
    </ClInclude>
    <ClInclude Include="Renders\Renderer.h">
      <Filter>Renders</Filter>
    </ClInclude>
    <ClInclude Include="Utilities\ShaderEffctConstatName.h">
      <Filter>Utilities</Filter>
    </ClInclude>
    <ClInclude Include="Utilities\URI.h">
      <Filter>Utilities</Filter>
    </ClInclude>
    <ClInclude Include="Renders\Transform.h">
      <Filter>Renders</Filter>
    </ClInclude>
    <ClInclude Include="Meshes\MeshCube.h">
      <Filter>Meshes</Filter>
    </ClInclude>
    <ClInclude Include="Meshes\MeshCylinder.h">
      <Filter>Meshes</Filter>
    </ClInclude>
    <ClInclude Include="Meshes\MeshGrid.h">
      <Filter>Meshes</Filter>
    </ClInclude>
    <ClInclude Include="Meshes\MeshSphere.h">
      <Filter>Meshes</Filter>
    </ClInclude>
    <ClInclude Include="Environment\CubeSky.h">
      <Filter>Environment</Filter>
    </ClInclude>
    <ClInclude Include="Model\Model.h">
      <Filter>Model</Filter>
    </ClInclude>
    <ClInclude Include="Renders\Material.h">
      <Filter>Renders</Filter>
    </ClInclude>
    <ClInclude Include="Model\ModelMesh.h">
      <Filter>Model</Filter>
    </ClInclude>
    <ClInclude Include="Model\ModelRender.h">
      <Filter>Model</Filter>
    </ClInclude>
    <ClInclude Include="Objects\Collider.h">
      <Filter>Objects</Filter>
    </ClInclude>
    <ClInclude Include="Renders\DrowLine.h">
      <Filter>Renders</Filter>
    </ClInclude>
    <ClInclude Include="Model\ModelClip.h">
      <Filter>Model</Filter>
    </ClInclude>
    <ClInclude Include="Model\ModelAnimator.h">
      <Filter>Model</Filter>
    </ClInclude>
    <ClInclude Include="Editor\Inspector\Objects\InspectorContext.h">
      <Filter>Editor\Inspector\Objects</Filter>
    </ClInclude>
    <ClInclude Include="Editor\Inspector\Objects\InspectorCube.h">
      <Filter>Editor\Inspector\Objects</Filter>
    </ClInclude>
    <ClInclude Include="Editor\Inspector\Objects\InspectorModel.h">
      <Filter>Editor\Inspector\Objects</Filter>
    </ClInclude>
    <ClInclude Include="Editor\Inspector\Objects\InspectorTerrain.h">
      <Filter>Editor\Inspector\Objects</Filter>
    </ClInclude>
    <ClInclude Include="Editor\Inspector\IInspectorEditor.h">
      <Filter>Editor\Inspector</Filter>
    </ClInclude>
    <ClInclude Include="Editor\Inspector\InspectorFactory.h">
      <Filter>Editor\Inspector</Filter>
    </ClInclude>
    <ClInclude Include="Editor\Inspector\InspectorObject.h">
      <Filter>Editor\Inspector</Filter>
    </ClInclude>
    <ClInclude Include="Editor\SceneValueEditor.h">
      <Filter>Editor</Filter>
    </ClInclude>
    <ClInclude Include="Editor\SceneValue.h">
      <Filter>Editor</Filter>
    </ClInclude>
    <ClInclude Include="Editor\Inspector\Objects\InspectorAnimator.h">
      <Filter>Editor\Inspector\Objects</Filter>
    </ClInclude>
    <ClInclude Include="Editor\Utilities\InputTextImGui.h">
      <Filter>Editor\Utilities</Filter>
    </ClInclude>
    <ClInclude Include="Editor\Utilities\FileDialogXml.h">
      <Filter>Editor\Utilities</Filter>
    </ClInclude>
    <ClInclude Include="Environment\Billboard.h">
      <Filter>Environment</Filter>
    </ClInclude>
    <ClInclude Include="Environment\Rain.h">
      <Filter>Environment</Filter>
    </ClInclude>
    <ClInclude Include="Environment\Snow.h">
      <Filter>Environment</Filter>
    </ClInclude>
    <ClInclude Include="Model\AttachedModel.h">
      <Filter>Model</Filter>
    </ClInclude>
    <ClInclude Include="Model\ClipTransformMap.h">
      <Filter>Model</Filter>
    </ClInclude>
    <ClInclude Include="Environment\TerrainBrush.h">
      <Filter>Environment</Filter>
    </ClInclude>
    <ClInclude Include="Meshes\MeshData.h">
      <Filter>Meshes</Filter>
    </ClInclude>
    <ClInclude Include="Model\ClipAnimator.h">
      <Filter>Model</Filter>
    </ClInclude>
  </ItemGroup>
</Project>