<?xml version="1.0" encoding="utf-8"?>
<Project ToolsVersion="4.0" xmlns="http://schemas.microsoft.com/developer/msbuild/2003">
  <ItemGroup>
    <ClCompile Include="Main.cpp" />
    <ClCompile Include="stdafx.cpp" />
    <ClCompile Include="Editor.cpp" />
    <ClCompile Include="Brush.cpp" />
    <ClCompile Include="BrushEditor\BrushInput.cpp">
      <Filter>BrushEditor</Filter>
    </ClCompile>
    <ClCompile Include="BrushEditor\DragPlane.cpp">
      <Filter>BrushEditor</Filter>
    </ClCompile>
    <ClCompile Include="BrushEditor\BrushEditor.cpp">
      <Filter>BrushEditor</Filter>
    </ClCompile>
    <ClCompile Include="BrushEditor\TerrainPicker.cpp">
      <Filter>BrushEditor</Filter>
    </ClCompile>
    <ClCompile Include="File\TerrainFile.cpp">
      <Filter>File</Filter>
    </ClCompile>
    <ClCompile Include="File\TerrainConverter.cpp">
      <Filter>File</Filter>
    </ClCompile>
    <ClCompile Include="SceneEditor\Scene\EditorDemo.cpp">
      <Filter>SceneEditor\Scene</Filter>
    </ClCompile>
    <ClCompile Include="SceneEditor\Main\ObjectEditorFactory.cpp">
      <Filter>SceneEditor\Main</Filter>
    </ClCompile>
    <ClCompile Include="SceneEditor\Main\SceneEditor.cpp">
      <Filter>SceneEditor\Main</Filter>
    </ClCompile>
    <ClCompile Include="SceneEditor\Component\ComponentCollider.cpp">
      <Filter>SceneEditor\Component</Filter>
    </ClCompile>
    <ClCompile Include="SceneEditor\Component\ComponentMaterial.cpp">
      <Filter>SceneEditor\Component</Filter>
    </ClCompile>
    <ClCompile Include="SceneEditor\Component\ComponentTransform.cpp">
      <Filter>SceneEditor\Component</Filter>
    </ClCompile>
    <ClCompile Include="SceneEditor\Objects\MeshInstancing\MeshInstancingEditor.cpp">
      <Filter>SceneEditor\Objects\MeshInstancing</Filter>
    </ClCompile>
    <ClCompile Include="SceneEditor\Main\E_SceneValue.cpp">
      <Filter>SceneEditor\Main</Filter>
    </ClCompile>
    <ClCompile Include="SceneEditor\Main\ObjectEditorList.cpp">
      <Filter>SceneEditor\Main</Filter>
    </ClCompile>
    <ClCompile Include="SceneEditor\Main\ObjectEditor.cpp">
      <Filter>SceneEditor\Main</Filter>
    </ClCompile>
    <ClCompile Include="SceneEditor\Objects\MeshInstancing\MeshInstancingFile.cpp">
      <Filter>SceneEditor\Objects\MeshInstancing</Filter>
    </ClCompile>
    <ClCompile Include="SceneEditor\Objects\MeshInstancing\MeshInstancingDesc.cpp">
      <Filter>SceneEditor\Objects\MeshInstancing</Filter>
    </ClCompile>
    <ClCompile Include="SceneEditor\Objects\MeshInstancing\MeshInstancingImGui.cpp">
      <Filter>SceneEditor\Objects\MeshInstancing</Filter>
    </ClCompile>
    <ClCompile Include="SceneEditor\Objects\EnemyInstancing\EnemyInstancingEditor.cpp">
      <Filter>SceneEditor\Objects\EnemyInstancing</Filter>
    </ClCompile>
    <ClCompile Include="SceneEditor\Objects\EnemyInstancing\EnemyInstancingDesc.cpp">
      <Filter>SceneEditor\Objects\EnemyInstancing</Filter>
    </ClCompile>
    <ClCompile Include="SceneEditor\Objects\EnemyInstancing\EnemyInstancingFile.cpp">
      <Filter>SceneEditor\Objects\EnemyInstancing</Filter>
    </ClCompile>
    <ClCompile Include="SceneEditor\Objects\EnemyInstancing\EnemyInstancingImGui.cpp">
      <Filter>SceneEditor\Objects\EnemyInstancing</Filter>
    </ClCompile>
  </ItemGroup>
  <ItemGroup>
    <ClInclude Include="Main.h" />
    <ClInclude Include="stdafx.h" />
    <ClInclude Include="Editor.h" />
    <ClInclude Include="Brush.h" />
    <ClInclude Include="BrushEditor\BrushEditor.h">
      <Filter>BrushEditor</Filter>
    </ClInclude>
    <ClInclude Include="BrushEditor\BrushInput.h">
      <Filter>BrushEditor</Filter>
    </ClInclude>
    <ClInclude Include="BrushEditor\DragPlane.h">
      <Filter>BrushEditor</Filter>
    </ClInclude>
    <ClInclude Include="BrushEditor\TerrainPicker.h">
      <Filter>BrushEditor</Filter>
    </ClInclude>
    <ClInclude Include="File\TerrainFile.h">
      <Filter>File</Filter>
    </ClInclude>
    <ClInclude Include="File\TerrainConverter.h">
      <Filter>File</Filter>
    </ClInclude>
    <ClInclude Include="SceneEditor\Scene\EditorDemo.h">
      <Filter>SceneEditor\Scene</Filter>
    </ClInclude>
    <ClInclude Include="SceneEditor\Main\IObjectEditor.h">
      <Filter>SceneEditor\Main</Filter>
    </ClInclude>
    <ClInclude Include="SceneEditor\Main\ObjectEditorFactory.h">
      <Filter>SceneEditor\Main</Filter>
    </ClInclude>
    <ClInclude Include="SceneEditor\Main\SceneEditor.h">
      <Filter>SceneEditor\Main</Filter>
    </ClInclude>
    <ClInclude Include="SceneEditor\Component\ComponentCollider.h">
      <Filter>SceneEditor\Component</Filter>
    </ClInclude>
    <ClInclude Include="SceneEditor\Component\ComponentMaterial.h">
      <Filter>SceneEditor\Component</Filter>
    </ClInclude>
    <ClInclude Include="SceneEditor\Component\ComponentTransform.h">
      <Filter>SceneEditor\Component</Filter>
    </ClInclude>
    <ClInclude Include="SceneEditor\Objects\MeshInstancing\MeshInstancingEditor.h">
      <Filter>SceneEditor\Objects\MeshInstancing</Filter>
    </ClInclude>
    <ClInclude Include="SceneEditor\Main\E_SceneValue.h">
      <Filter>SceneEditor\Main</Filter>
    </ClInclude>
    <ClInclude Include="SceneEditor\Main\ObjectEditorList.h">
      <Filter>SceneEditor\Main</Filter>
    </ClInclude>
    <ClInclude Include="SceneEditor\Main\ObjectEditor.h">
      <Filter>SceneEditor\Main</Filter>
    </ClInclude>
    <ClInclude Include="SceneEditor\Objects\MeshInstancing\MeshInstancingFile.h">
      <Filter>SceneEditor\Objects\MeshInstancing</Filter>
    </ClInclude>
    <ClInclude Include="SceneEditor\Objects\MeshInstancing\MeshInstancingDesc.h">
      <Filter>SceneEditor\Objects\MeshInstancing</Filter>
    </ClInclude>
    <ClInclude Include="SceneEditor\Objects\MeshInstancing\MeshInstancingImGui.h">
      <Filter>SceneEditor\Objects\MeshInstancing</Filter>
    </ClInclude>
    <ClInclude Include="SceneEditor\Objects\EnemyInstancing\EnemyInstancingEditor.h">
      <Filter>SceneEditor\Objects\EnemyInstancing</Filter>
    </ClInclude>
    <ClInclude Include="SceneEditor\Objects\EnemyInstancing\EnemyInstancingDesc.h">
      <Filter>SceneEditor\Objects\EnemyInstancing</Filter>
    </ClInclude>
    <ClInclude Include="SceneEditor\Objects\EnemyInstancing\EnemyInstancingFile.h">
      <Filter>SceneEditor\Objects\EnemyInstancing</Filter>
    </ClInclude>
    <ClInclude Include="SceneEditor\Objects\EnemyInstancing\EnemyInstancingImGui.h">
      <Filter>SceneEditor\Objects\EnemyInstancing</Filter>
    </ClInclude>
  </ItemGroup>
  <ItemGroup>
    <Filter Include="BrushEditor">
      <UniqueIdentifier>{4527a239-e915-43e1-8bf0-5abc9ad13906}</UniqueIdentifier>
    </Filter>
    <Filter Include="File">
      <UniqueIdentifier>{09201fd8-ed6f-4f81-bc76-64b4cbc57125}</UniqueIdentifier>
    </Filter>
    <Filter Include="SceneEditor">
      <UniqueIdentifier>{de831848-3e10-4b3a-93af-79317f0b2ad0}</UniqueIdentifier>
    </Filter>
    <Filter Include="SceneEditor\Scene">
      <UniqueIdentifier>{aef7bab8-33f2-4a4e-ad86-b81d6c0d9471}</UniqueIdentifier>
    </Filter>
    <Filter Include="SceneEditor\Objects">
      <UniqueIdentifier>{9c46062b-dc4c-46a6-8fff-cf390617b754}</UniqueIdentifier>
    </Filter>
    <Filter Include="SceneEditor\Main">
      <UniqueIdentifier>{4ae2c817-6202-44a8-b5f8-89aeb3bb1841}</UniqueIdentifier>
    </Filter>
    <Filter Include="SceneEditor\Component">
      <UniqueIdentifier>{ed75dc1f-49fe-466a-86c5-2c9df8ee2f28}</UniqueIdentifier>
    </Filter>
    <Filter Include="SceneEditor\Objects\MeshInstancing">
      <UniqueIdentifier>{dbd466d5-01bd-40c3-a943-d6ce2667d004}</UniqueIdentifier>
    </Filter>
    <Filter Include="SceneEditor\Objects\EnemyInstancing">
      <UniqueIdentifier>{5d9beb19-8d32-45cd-b743-a63b4276cc5f}</UniqueIdentifier>
    </Filter>
  </ItemGroup>
</Project>