<?xml version="1.0" encoding="utf-8"?>
<Project ToolsVersion="4.0" xmlns="http://schemas.microsoft.com/developer/msbuild/2003">
  <ItemGroup>
    <ClInclude Include="Main.h" />
    <ClInclude Include="stdafx.h" />
    <ClInclude Include="GridDemo.h">
      <Filter>Vertex</Filter>
    </ClInclude>
    <ClInclude Include="IndexDemo.h">
      <Filter>Vertex</Filter>
    </ClInclude>
    <ClInclude Include="RectDemo.h">
      <Filter>Vertex</Filter>
    </ClInclude>
    <ClInclude Include="VertexDemo.h">
      <Filter>Vertex</Filter>
    </ClInclude>
    <ClInclude Include="WorldDemo.h">
      <Filter>Vertex</Filter>
    </ClInclude>
    <ClInclude Include="TerrainDemo.h">
      <Filter>Terrain</Filter>
    </ClInclude>
    <ClInclude Include="MeshDemo.h">
      <Filter>Mesh</Filter>
    </ClInclude>
    <ClInclude Include="TextureDemo.h">
      <Filter>Mesh</Filter>
    </ClInclude>
    <ClInclude Include="GetHeightDemo.h">
      <Filter>Terrain</Filter>
    </ClInclude>
    <ClInclude Include="ProjectionDemo.h">
      <Filter>Terrain</Filter>
    </ClInclude>
    <ClInclude Include="RaycastDemo.h">
      <Filter>Terrain</Filter>
    </ClInclude>
    <ClInclude Include="FrameworkDemo.h">
      <Filter>Mesh</Filter>
    </ClInclude>
    <ClInclude Include="CubeSkyDemo.h">
      <Filter>Terrain</Filter>
    </ClInclude>
    <ClInclude Include="TerrainLineDemo.h">
      <Filter>Terrain</Filter>
    </ClInclude>
    <ClInclude Include="TerrainSplattingDemo.h">
      <Filter>Terrain</Filter>
    </ClInclude>
    <ClInclude Include="ColliderDemo.h">
      <Filter>Objects</Filter>
    </ClInclude>
    <ClInclude Include="EditorDemo.h" />
    <ClInclude Include="CpuBillboardDemo.h">
      <Filter>Environment</Filter>
    </ClInclude>
    <ClInclude Include="WratherDemo.h">
      <Filter>Environment</Filter>
    </ClInclude>
    <ClInclude Include="TerrainBrushDemo.h">
      <Filter>Terrain</Filter>
    </ClInclude>
  </ItemGroup>
  <ItemGroup>
    <ClCompile Include="stdafx.cpp" />
    <ClCompile Include="Main.cpp" />
    <ClCompile Include="GridDemo.cpp">
      <Filter>Vertex</Filter>
    </ClCompile>
    <ClCompile Include="IndexDemo.cpp">
      <Filter>Vertex</Filter>
    </ClCompile>
    <ClCompile Include="RectDemo.cpp">
      <Filter>Vertex</Filter>
    </ClCompile>
    <ClCompile Include="VertexDemo.cpp">
      <Filter>Vertex</Filter>
    </ClCompile>
    <ClCompile Include="WorldDemo.cpp">
      <Filter>Vertex</Filter>
    </ClCompile>
    <ClCompile Include="TerrainDemo.cpp">
      <Filter>Terrain</Filter>
    </ClCompile>
    <ClCompile Include="MeshDemo.cpp">
      <Filter>Mesh</Filter>
    </ClCompile>
    <ClCompile Include="TextureDemo.cpp">
      <Filter>Mesh</Filter>
    </ClCompile>
    <ClCompile Include="GetHeightDemo.cpp">
      <Filter>Terrain</Filter>
    </ClCompile>
    <ClCompile Include="ProjectionDemo.cpp">
      <Filter>Terrain</Filter>
    </ClCompile>
    <ClCompile Include="RaycastDemo.cpp">
      <Filter>Terrain</Filter>
    </ClCompile>
    <ClCompile Include="FrameworkDemo.cpp">
      <Filter>Mesh</Filter>
    </ClCompile>
    <ClCompile Include="CubeSkyDemo.cpp">
      <Filter>Terrain</Filter>
    </ClCompile>
    <ClCompile Include="TerrainLineDemo.cpp">
      <Filter>Terrain</Filter>
    </ClCompile>
    <ClCompile Include="TerrainSplattingDemo.cpp">
      <Filter>Terrain</Filter>
    </ClCompile>
    <ClCompile Include="ColliderDemo.cpp">
      <Filter>Objects</Filter>
    </ClCompile>
    <ClCompile Include="EditorDemo.cpp" />
    <ClCompile Include="CpuBillboardDemo.cpp">
      <Filter>Environment</Filter>
    </ClCompile>
    <ClCompile Include="WratherDemo.cpp">
      <Filter>Environment</Filter>
    </ClCompile>
    <ClCompile Include="TerrainBrushDemo.cpp">
      <Filter>Terrain</Filter>
    </ClCompile>
  </ItemGroup>
  <ItemGroup>
    <Filter Include="Vertex">
      <UniqueIdentifier>{10e54ac8-8596-4eae-b0d1-8d45ffab6ba5}</UniqueIdentifier>
    </Filter>
    <Filter Include="Mesh">
      <UniqueIdentifier>{270e3a25-8176-4283-8fe8-efcaf8e175a4}</UniqueIdentifier>
    </Filter>
    <Filter Include="Terrain">
      <UniqueIdentifier>{78ad46ba-7c60-43cc-a271-81fc50aed4d0}</UniqueIdentifier>
    </Filter>
    <Filter Include="Objects">
      <UniqueIdentifier>{9e4e3429-ddbe-497e-acd9-d8ecdb13049d}</UniqueIdentifier>
    </Filter>
    <Filter Include="Environment">
      <UniqueIdentifier>{213bf83f-90a4-4a23-bd04-c7663f1dcd67}</UniqueIdentifier>
    </Filter>
  </ItemGroup>
</Project>