
Microsoft Visual Studio Solution File, Format Version 12.00
# Visual Studio 15
VisualStudioVersion = 15.0.28307.1231
MinimumVisualStudioVersion = 10.0.40219.1
Project("{8BC9CEB8-8B4A-11D0-8D11-00A0C91BC942}") = "Framework", "Framework\Framework.vcxproj", "{4BDED383-93FE-4A26-990D-FE41D472EB28}"
EndProject
Project("{8BC9CEB8-8B4A-11D0-8D11-00A0C91BC942}") = "UnitTest", "UnitTest\UnitTest.vcxproj", "{93BBB7B8-02C8-4C4A-98EA-C125FBC2F96F}"
	ProjectSection(ProjectDependencies) = postProject
		{4BDED383-93FE-4A26-990D-FE41D472EB28} = {4BDED383-93FE-4A26-990D-FE41D472EB28}
	EndProjectSection
EndProject
Project("{2150E333-8FDC-42A3-9474-1A3956D46DE8}") = "_Shaders", "_Shaders", "{D58AE524-C7F3-4094-8848-9CA9DD5E3555}"
EndProject
Project("{8BC9CEB8-8B4A-11D0-8D11-00A0C91BC942}") = "ModelEditor", "ModelEditor\ModelEditor.vcxproj", "{6EF9226B-71F0-4A4D-B086-C01A4DBEE97D}"
	ProjectSection(ProjectDependencies) = postProject
		{4BDED383-93FE-4A26-990D-FE41D472EB28} = {4BDED383-93FE-4A26-990D-FE41D472EB28}
	EndProjectSection
EndProject
Project("{2150E333-8FDC-42A3-9474-1A3956D46DE8}") = "Library", "Library", "{C135A77F-0724-426A-8D53-DFCEACB4C684}"
EndProject
Project("{8BC9CEB8-8B4A-11D0-8D11-00A0C91BC942}") = "ImGui", "ImGui\ImGui.vcxproj", "{B2BD242E-C4D3-416D-9900-7D02094A578C}"
EndProject
Project("{8BC9CEB8-8B4A-11D0-8D11-00A0C91BC942}") = "ImGuizmo", "ImGuizmo\ImGuizmo.vcxproj", "{69A66FA3-6E6F-4C0C-AB12-74C2450BB4B0}"
EndProject
Project("{8BC9CEB8-8B4A-11D0-8D11-00A0C91BC942}") = "ParticleEditor", "ParticleEditor\ParticleEditor.vcxproj", "{75560536-1AED-47A5-9632-2238357AF22C}"
EndProject
Project("{2150E333-8FDC-42A3-9474-1A3956D46DE8}") = "00_Global", "00_Global", "{1F876E5C-6F63-4995-948C-6D1B471BF5FF}"
	ProjectSection(SolutionItems) = preProject
		_Shaders\00_Global.fx = _Shaders\00_Global.fx
		_Shaders\00_Light.fx = _Shaders\00_Light.fx
		_Shaders\00_Material.fx = _Shaders\00_Material.fx
		_Shaders\00_PixelOutput.fx = _Shaders\00_PixelOutput.fx
		_Shaders\00_ProjectionTexture.fx = _Shaders\00_ProjectionTexture.fx
		_Shaders\00_Shadow.fx = _Shaders\00_Shadow.fx
		_Shaders\00_TerrainBrush.fx = _Shaders\00_TerrainBrush.fx
		_Shaders\00_TerrainLayer.fx = _Shaders\00_TerrainLayer.fx
		_Shaders\00_VertexInput.fx = _Shaders\00_VertexInput.fx
	EndProjectSection
EndProject
Project("{2150E333-8FDC-42A3-9474-1A3956D46DE8}") = "02_Compute", "02_Compute", "{84238D42-F657-4385-88C6-C35EF8C0A02D}"
	ProjectSection(SolutionItems) = preProject
		_Shaders\02_AnimationInstance.fx = _Shaders\02_AnimationInstance.fx
		_Shaders\02_GetBonesInstance.fx = _Shaders\02_GetBonesInstance.fx
		_Shaders\02_SetAnimation.fx = _Shaders\02_SetAnimation.fx
		_Shaders\02_SetBones.fx = _Shaders\02_SetBones.fx
	EndProjectSection
EndProject
Project("{2150E333-8FDC-42A3-9474-1A3956D46DE8}") = "01_Object", "01_Object", "{10EA74BC-9000-4DA9-A9BB-D6BCD41BC757}"
	ProjectSection(SolutionItems) = preProject
		_Shaders\01_Billboard.fx = _Shaders\01_Billboard.fx
		_Shaders\01_DebugLine.fx = _Shaders\01_DebugLine.fx
		_Shaders\01_Mesh.fx = _Shaders\01_Mesh.fx
		_Shaders\01_Model.fx = _Shaders\01_Model.fx
		_Shaders\01_Particle.fx = _Shaders\01_Particle.fx
		_Shaders\01_Render2D.fx = _Shaders\01_Render2D.fx
		_Shaders\01_SkyCube.fx = _Shaders\01_SkyCube.fx
		_Shaders\01_Terrain.fx = _Shaders\01_Terrain.fx
	EndProjectSection
EndProject
Project("{2150E333-8FDC-42A3-9474-1A3956D46DE8}") = "03_PostProcessing", "03_PostProcessing", "{6678EECB-B628-4628-B633-5EB505E77C30}"
	ProjectSection(SolutionItems) = preProject
		_Shaders\03_ColorConverter.fx = _Shaders\03_ColorConverter.fx
		_Shaders\03_GaussianBlur.fx = _Shaders\03_GaussianBlur.fx
		_Shaders\03_Panel.fx = _Shaders\03_Panel.fx
		_Shaders\03_PostProcessing.fx = _Shaders\03_PostProcessing.fx
	EndProjectSection
EndProject
Project("{2150E333-8FDC-42A3-9474-1A3956D46DE8}") = "Editor", "Editor", "{C95CB025-73F8-4E5D-9A89-FED869DD7F37}"
EndProject
Project("{8BC9CEB8-8B4A-11D0-8D11-00A0C91BC942}") = "TerrainEditor", "TerrainEditor\TerrainEditor.vcxproj", "{54B09A25-169D-4934-8E61-49EF5CD6D93C}"
EndProject
Global
	GlobalSection(SolutionConfigurationPlatforms) = preSolution
		Debug|x64 = Debug|x64
		Debug|x86 = Debug|x86
		Release|x64 = Release|x64
		Release|x86 = Release|x86
	EndGlobalSection
	GlobalSection(ProjectConfigurationPlatforms) = postSolution
		{4BDED383-93FE-4A26-990D-FE41D472EB28}.Debug|x64.ActiveCfg = Debug|x64
		{4BDED383-93FE-4A26-990D-FE41D472EB28}.Debug|x64.Build.0 = Debug|x64
		{4BDED383-93FE-4A26-990D-FE41D472EB28}.Debug|x86.ActiveCfg = Debug|Win32
		{4BDED383-93FE-4A26-990D-FE41D472EB28}.Debug|x86.Build.0 = Debug|Win32
		{4BDED383-93FE-4A26-990D-FE41D472EB28}.Release|x64.ActiveCfg = Release|x64
		{4BDED383-93FE-4A26-990D-FE41D472EB28}.Release|x64.Build.0 = Release|x64
		{4BDED383-93FE-4A26-990D-FE41D472EB28}.Release|x86.ActiveCfg = Release|Win32
		{4BDED383-93FE-4A26-990D-FE41D472EB28}.Release|x86.Build.0 = Release|Win32
		{93BBB7B8-02C8-4C4A-98EA-C125FBC2F96F}.Debug|x64.ActiveCfg = Debug|x64
		{93BBB7B8-02C8-4C4A-98EA-C125FBC2F96F}.Debug|x64.Build.0 = Debug|x64
		{93BBB7B8-02C8-4C4A-98EA-C125FBC2F96F}.Debug|x86.ActiveCfg = Debug|Win32
		{93BBB7B8-02C8-4C4A-98EA-C125FBC2F96F}.Debug|x86.Build.0 = Debug|Win32
		{93BBB7B8-02C8-4C4A-98EA-C125FBC2F96F}.Release|x64.ActiveCfg = Release|x64
		{93BBB7B8-02C8-4C4A-98EA-C125FBC2F96F}.Release|x64.Build.0 = Release|x64
		{93BBB7B8-02C8-4C4A-98EA-C125FBC2F96F}.Release|x86.ActiveCfg = Release|Win32
		{93BBB7B8-02C8-4C4A-98EA-C125FBC2F96F}.Release|x86.Build.0 = Release|Win32
		{6EF9226B-71F0-4A4D-B086-C01A4DBEE97D}.Debug|x64.ActiveCfg = Debug|x64
		{6EF9226B-71F0-4A4D-B086-C01A4DBEE97D}.Debug|x64.Build.0 = Debug|x64
		{6EF9226B-71F0-4A4D-B086-C01A4DBEE97D}.Debug|x86.ActiveCfg = Debug|Win32
		{6EF9226B-71F0-4A4D-B086-C01A4DBEE97D}.Debug|x86.Build.0 = Debug|Win32
		{6EF9226B-71F0-4A4D-B086-C01A4DBEE97D}.Release|x64.ActiveCfg = Release|x64
		{6EF9226B-71F0-4A4D-B086-C01A4DBEE97D}.Release|x64.Build.0 = Release|x64
		{6EF9226B-71F0-4A4D-B086-C01A4DBEE97D}.Release|x86.ActiveCfg = Release|Win32
		{6EF9226B-71F0-4A4D-B086-C01A4DBEE97D}.Release|x86.Build.0 = Release|Win32
		{B2BD242E-C4D3-416D-9900-7D02094A578C}.Debug|x64.ActiveCfg = Debug|x64
		{B2BD242E-C4D3-416D-9900-7D02094A578C}.Debug|x64.Build.0 = Debug|x64
		{B2BD242E-C4D3-416D-9900-7D02094A578C}.Debug|x86.ActiveCfg = Debug|Win32
		{B2BD242E-C4D3-416D-9900-7D02094A578C}.Debug|x86.Build.0 = Debug|Win32
		{B2BD242E-C4D3-416D-9900-7D02094A578C}.Release|x64.ActiveCfg = Release|x64
		{B2BD242E-C4D3-416D-9900-7D02094A578C}.Release|x64.Build.0 = Release|x64
		{B2BD242E-C4D3-416D-9900-7D02094A578C}.Release|x86.ActiveCfg = Release|Win32
		{B2BD242E-C4D3-416D-9900-7D02094A578C}.Release|x86.Build.0 = Release|Win32
		{69A66FA3-6E6F-4C0C-AB12-74C2450BB4B0}.Debug|x64.ActiveCfg = Debug|x64
		{69A66FA3-6E6F-4C0C-AB12-74C2450BB4B0}.Debug|x64.Build.0 = Debug|x64
		{69A66FA3-6E6F-4C0C-AB12-74C2450BB4B0}.Debug|x86.ActiveCfg = Debug|Win32
		{69A66FA3-6E6F-4C0C-AB12-74C2450BB4B0}.Debug|x86.Build.0 = Debug|Win32
		{69A66FA3-6E6F-4C0C-AB12-74C2450BB4B0}.Release|x64.ActiveCfg = Release|x64
		{69A66FA3-6E6F-4C0C-AB12-74C2450BB4B0}.Release|x64.Build.0 = Release|x64
		{69A66FA3-6E6F-4C0C-AB12-74C2450BB4B0}.Release|x86.ActiveCfg = Release|Win32
		{69A66FA3-6E6F-4C0C-AB12-74C2450BB4B0}.Release|x86.Build.0 = Release|Win32
		{75560536-1AED-47A5-9632-2238357AF22C}.Debug|x64.ActiveCfg = Debug|x64
		{75560536-1AED-47A5-9632-2238357AF22C}.Debug|x64.Build.0 = Debug|x64
		{75560536-1AED-47A5-9632-2238357AF22C}.Debug|x86.ActiveCfg = Debug|Win32
		{75560536-1AED-47A5-9632-2238357AF22C}.Debug|x86.Build.0 = Debug|Win32
		{75560536-1AED-47A5-9632-2238357AF22C}.Release|x64.ActiveCfg = Release|x64
		{75560536-1AED-47A5-9632-2238357AF22C}.Release|x64.Build.0 = Release|x64
		{75560536-1AED-47A5-9632-2238357AF22C}.Release|x86.ActiveCfg = Release|Win32
		{75560536-1AED-47A5-9632-2238357AF22C}.Release|x86.Build.0 = Release|Win32
		{54B09A25-169D-4934-8E61-49EF5CD6D93C}.Debug|x64.ActiveCfg = Debug|x64
		{54B09A25-169D-4934-8E61-49EF5CD6D93C}.Debug|x64.Build.0 = Debug|x64
		{54B09A25-169D-4934-8E61-49EF5CD6D93C}.Debug|x86.ActiveCfg = Debug|Win32
		{54B09A25-169D-4934-8E61-49EF5CD6D93C}.Debug|x86.Build.0 = Debug|Win32
		{54B09A25-169D-4934-8E61-49EF5CD6D93C}.Release|x64.ActiveCfg = Release|x64
		{54B09A25-169D-4934-8E61-49EF5CD6D93C}.Release|x64.Build.0 = Release|x64
		{54B09A25-169D-4934-8E61-49EF5CD6D93C}.Release|x86.ActiveCfg = Release|Win32
		{54B09A25-169D-4934-8E61-49EF5CD6D93C}.Release|x86.Build.0 = Release|Win32
	EndGlobalSection
	GlobalSection(SolutionProperties) = preSolution
		HideSolutionNode = FALSE
	EndGlobalSection
	GlobalSection(NestedProjects) = preSolution
		{6EF9226B-71F0-4A4D-B086-C01A4DBEE97D} = {C95CB025-73F8-4E5D-9A89-FED869DD7F37}
		{B2BD242E-C4D3-416D-9900-7D02094A578C} = {C135A77F-0724-426A-8D53-DFCEACB4C684}
		{69A66FA3-6E6F-4C0C-AB12-74C2450BB4B0} = {C135A77F-0724-426A-8D53-DFCEACB4C684}
		{75560536-1AED-47A5-9632-2238357AF22C} = {C95CB025-73F8-4E5D-9A89-FED869DD7F37}
		{1F876E5C-6F63-4995-948C-6D1B471BF5FF} = {D58AE524-C7F3-4094-8848-9CA9DD5E3555}
		{84238D42-F657-4385-88C6-C35EF8C0A02D} = {D58AE524-C7F3-4094-8848-9CA9DD5E3555}
		{10EA74BC-9000-4DA9-A9BB-D6BCD41BC757} = {D58AE524-C7F3-4094-8848-9CA9DD5E3555}
		{6678EECB-B628-4628-B633-5EB505E77C30} = {D58AE524-C7F3-4094-8848-9CA9DD5E3555}
		{54B09A25-169D-4934-8E61-49EF5CD6D93C} = {C95CB025-73F8-4E5D-9A89-FED869DD7F37}
	EndGlobalSection
	GlobalSection(ExtensibilityGlobals) = postSolution
		SolutionGuid = {C1129D84-89A3-47E9-80FD-3DED17E4A0B4}
	EndGlobalSection
EndGlobal
