
Microsoft Visual Studio Solution File, Format Version 12.00
# Visual Studio 15
VisualStudioVersion = 15.0.28307.1231
MinimumVisualStudioVersion = 10.0.40219.1
Project("{8BC9CEB8-8B4A-11D0-8D11-00A0C91BC942}") = "Framework", "Framework\Framework.vcxproj", "{4BDED383-93FE-4A26-990D-FE41D472EB28}"
EndProject
Project("{8BC9CEB8-8B4A-11D0-8D11-00A0C91BC942}") = "UnitTest", "UnitTest\UnitTest.vcxproj", "{93BBB7B8-02C8-4C4A-98EA-C125FBC2F96F}"
	ProjectSection(ProjectDependencies) = postProject
		{4BDED383-93FE-4A26-990D-FE41D472EB28} = {4BDED383-93FE-4A26-990D-FE41D472EB28}
	EndProjectSection
EndProject
Project("{2150E333-8FDC-42A3-9474-1A3956D46DE8}") = "_Shaders", "_Shaders", "{D58AE524-C7F3-4094-8848-9CA9DD5E3555}"
	ProjectSection(SolutionItems) = preProject
		_Shaders\00_Global.fx = _Shaders\00_Global.fx
		_Shaders\00_Light.fx = _Shaders\00_Light.fx
		_Shaders\00_Render.fx = _Shaders\00_Render.fx
		_Shaders\01_DebugLine.fx = _Shaders\01_DebugLine.fx
		_Shaders\01_Material.fx = _Shaders\01_Material.fx
		_Shaders\01_PostProcessing.fx = _Shaders\01_PostProcessing.fx
		_Shaders\01_Render2D.fx = _Shaders\01_Render2D.fx
		_Shaders\02_AnimationInstance.fx = _Shaders\02_AnimationInstance.fx
		_Shaders\02_GetBonesInstance.fx = _Shaders\02_GetBonesInstance.fx
		_Shaders\02_SetAnimation.fx = _Shaders\02_SetAnimation.fx
		_Shaders\02_SetBones.fx = _Shaders\02_SetBones.fx
	EndProjectSection
EndProject
Project("{8BC9CEB8-8B4A-11D0-8D11-00A0C91BC942}") = "ModelEditor", "ModelEditor\ModelEditor.vcxproj", "{6EF9226B-71F0-4A4D-B086-C01A4DBEE97D}"
	ProjectSection(ProjectDependencies) = postProject
		{4BDED383-93FE-4A26-990D-FE41D472EB28} = {4BDED383-93FE-4A26-990D-FE41D472EB28}
	EndProjectSection
EndProject
Project("{2150E333-8FDC-42A3-9474-1A3956D46DE8}") = "Library", "Library", "{C135A77F-0724-426A-8D53-DFCEACB4C684}"
EndProject
Project("{8BC9CEB8-8B4A-11D0-8D11-00A0C91BC942}") = "ImGui", "ImGui\ImGui.vcxproj", "{B2BD242E-C4D3-416D-9900-7D02094A578C}"
EndProject
Project("{8BC9CEB8-8B4A-11D0-8D11-00A0C91BC942}") = "ImGuizmo", "ImGuizmo\ImGuizmo.vcxproj", "{69A66FA3-6E6F-4C0C-AB12-74C2450BB4B0}"
EndProject
Global
	GlobalSection(SolutionConfigurationPlatforms) = preSolution
		Debug|x64 = Debug|x64
		Debug|x86 = Debug|x86
		Release|x64 = Release|x64
		Release|x86 = Release|x86
	EndGlobalSection
	GlobalSection(ProjectConfigurationPlatforms) = postSolution
		{4BDED383-93FE-4A26-990D-FE41D472EB28}.Debug|x64.ActiveCfg = Debug|x64
		{4BDED383-93FE-4A26-990D-FE41D472EB28}.Debug|x64.Build.0 = Debug|x64
		{4BDED383-93FE-4A26-990D-FE41D472EB28}.Debug|x86.ActiveCfg = Debug|Win32
		{4BDED383-93FE-4A26-990D-FE41D472EB28}.Debug|x86.Build.0 = Debug|Win32
		{4BDED383-93FE-4A26-990D-FE41D472EB28}.Release|x64.ActiveCfg = Release|x64
		{4BDED383-93FE-4A26-990D-FE41D472EB28}.Release|x64.Build.0 = Release|x64
		{4BDED383-93FE-4A26-990D-FE41D472EB28}.Release|x86.ActiveCfg = Release|Win32
		{4BDED383-93FE-4A26-990D-FE41D472EB28}.Release|x86.Build.0 = Release|Win32
		{93BBB7B8-02C8-4C4A-98EA-C125FBC2F96F}.Debug|x64.ActiveCfg = Debug|x64
		{93BBB7B8-02C8-4C4A-98EA-C125FBC2F96F}.Debug|x64.Build.0 = Debug|x64
		{93BBB7B8-02C8-4C4A-98EA-C125FBC2F96F}.Debug|x86.ActiveCfg = Debug|Win32
		{93BBB7B8-02C8-4C4A-98EA-C125FBC2F96F}.Debug|x86.Build.0 = Debug|Win32
		{93BBB7B8-02C8-4C4A-98EA-C125FBC2F96F}.Release|x64.ActiveCfg = Release|x64
		{93BBB7B8-02C8-4C4A-98EA-C125FBC2F96F}.Release|x64.Build.0 = Release|x64
		{93BBB7B8-02C8-4C4A-98EA-C125FBC2F96F}.Release|x86.ActiveCfg = Release|Win32
		{93BBB7B8-02C8-4C4A-98EA-C125FBC2F96F}.Release|x86.Build.0 = Release|Win32
		{6EF9226B-71F0-4A4D-B086-C01A4DBEE97D}.Debug|x64.ActiveCfg = Debug|x64
		{6EF9226B-71F0-4A4D-B086-C01A4DBEE97D}.Debug|x64.Build.0 = Debug|x64
		{6EF9226B-71F0-4A4D-B086-C01A4DBEE97D}.Debug|x86.ActiveCfg = Debug|Win32
		{6EF9226B-71F0-4A4D-B086-C01A4DBEE97D}.Debug|x86.Build.0 = Debug|Win32
		{6EF9226B-71F0-4A4D-B086-C01A4DBEE97D}.Release|x64.ActiveCfg = Release|x64
		{6EF9226B-71F0-4A4D-B086-C01A4DBEE97D}.Release|x64.Build.0 = Release|x64
		{6EF9226B-71F0-4A4D-B086-C01A4DBEE97D}.Release|x86.ActiveCfg = Release|Win32
		{6EF9226B-71F0-4A4D-B086-C01A4DBEE97D}.Release|x86.Build.0 = Release|Win32
		{B2BD242E-C4D3-416D-9900-7D02094A578C}.Debug|x64.ActiveCfg = Debug|x64
		{B2BD242E-C4D3-416D-9900-7D02094A578C}.Debug|x64.Build.0 = Debug|x64
		{B2BD242E-C4D3-416D-9900-7D02094A578C}.Debug|x86.ActiveCfg = Debug|Win32
		{B2BD242E-C4D3-416D-9900-7D02094A578C}.Debug|x86.Build.0 = Debug|Win32
		{B2BD242E-C4D3-416D-9900-7D02094A578C}.Release|x64.ActiveCfg = Release|x64
		{B2BD242E-C4D3-416D-9900-7D02094A578C}.Release|x64.Build.0 = Release|x64
		{B2BD242E-C4D3-416D-9900-7D02094A578C}.Release|x86.ActiveCfg = Release|Win32
		{B2BD242E-C4D3-416D-9900-7D02094A578C}.Release|x86.Build.0 = Release|Win32
		{69A66FA3-6E6F-4C0C-AB12-74C2450BB4B0}.Debug|x64.ActiveCfg = Debug|x64
		{69A66FA3-6E6F-4C0C-AB12-74C2450BB4B0}.Debug|x64.Build.0 = Debug|x64
		{69A66FA3-6E6F-4C0C-AB12-74C2450BB4B0}.Debug|x86.ActiveCfg = Debug|Win32
		{69A66FA3-6E6F-4C0C-AB12-74C2450BB4B0}.Debug|x86.Build.0 = Debug|Win32
		{69A66FA3-6E6F-4C0C-AB12-74C2450BB4B0}.Release|x64.ActiveCfg = Release|x64
		{69A66FA3-6E6F-4C0C-AB12-74C2450BB4B0}.Release|x64.Build.0 = Release|x64
		{69A66FA3-6E6F-4C0C-AB12-74C2450BB4B0}.Release|x86.ActiveCfg = Release|Win32
		{69A66FA3-6E6F-4C0C-AB12-74C2450BB4B0}.Release|x86.Build.0 = Release|Win32
	EndGlobalSection
	GlobalSection(SolutionProperties) = preSolution
		HideSolutionNode = FALSE
	EndGlobalSection
	GlobalSection(NestedProjects) = preSolution
		{B2BD242E-C4D3-416D-9900-7D02094A578C} = {C135A77F-0724-426A-8D53-DFCEACB4C684}
		{69A66FA3-6E6F-4C0C-AB12-74C2450BB4B0} = {C135A77F-0724-426A-8D53-DFCEACB4C684}
	EndGlobalSection
	GlobalSection(ExtensibilityGlobals) = postSolution
		SolutionGuid = {C1129D84-89A3-47E9-80FD-3DED17E4A0B4}
	EndGlobalSection
EndGlobal
