<?xml version="1.0" encoding="utf-8"?>
<Project ToolsVersion="4.0" xmlns="http://schemas.microsoft.com/developer/msbuild/2003">
  <ItemGroup>
    <ClCompile Include="WorldDemo.cpp" />
    <ClCompile Include="Character\Kachujin.cpp">
      <Filter>Character</Filter>
    </ClCompile>
    <ClCompile Include="EditorDemo\Scene\EditorDemo.cpp">
      <Filter>EditorDemo\Scene</Filter>
    </ClCompile>
    <ClCompile Include="EditorDemo\Main\SceneValue.cpp">
      <Filter>EditorDemo\Main</Filter>
    </ClCompile>
    <ClCompile Include="Component\HPSystem.cpp">
      <Filter>Component</Filter>
    </ClCompile>
    <ClCompile Include="Component\WorldLightGroup.cpp">
      <Filter>Component</Filter>
    </ClCompile>
    <ClCompile Include="Component\HPBar.cpp">
      <Filter>Component</Filter>
    </ClCompile>
    <ClCompile Include="Enemy\EnemyInstancing.cpp">
      <Filter>Enemy</Filter>
    </ClCompile>
    <ClCompile Include="Character\Paladin.cpp">
      <Filter>Character</Filter>
    </ClCompile>
    <ClCompile Include="Enemy\EnemyInstance.cpp">
      <Filter>Enemy</Filter>
    </ClCompile>
    <ClCompile Include="Component\RotateSystem.cpp">
      <Filter>Component</Filter>
    </ClCompile>
    <ClCompile Include="Player\WorldPlayer.cpp">
      <Filter>Player</Filter>
    </ClCompile>
    <ClCompile Include="Player\UserKeyState.cpp">
      <Filter>Player</Filter>
    </ClCompile>
    <ClCompile Include="Player\CharacterController.cpp">
      <Filter>Player</Filter>
    </ClCompile>
    <ClCompile Include="Component\AttackAnimation.cpp">
      <Filter>Component\Attack</Filter>
    </ClCompile>
    <ClCompile Include="Component\AttackSystem.cpp">
      <Filter>Component\Attack</Filter>
    </ClCompile>
    <ClCompile Include="Component\NormalAttack.cpp">
      <Filter>Component\Attack</Filter>
    </ClCompile>
    <ClCompile Include="Component\MagicAttack.cpp">
      <Filter>Component\Attack</Filter>
    </ClCompile>
    <ClCompile Include="Enemy\MeleeEnemy.cpp">
      <Filter>Enemy</Filter>
    </ClCompile>
    <ClCompile Include="Enemy\MagicianEnemy.cpp">
      <Filter>Enemy</Filter>
    </ClCompile>
    <ClCompile Include="Character\Friedrich.cpp">
      <Filter>Character</Filter>
    </ClCompile>
    <ClCompile Include="Character\GasMask.cpp">
      <Filter>Character</Filter>
    </ClCompile>
    <ClCompile Include="EditorDemo\Main\ObjectSpawnerFactory.cpp">
      <Filter>EditorDemo\Main</Filter>
    </ClCompile>
    <ClCompile Include="EditorDemo\Main\SceneLoader.cpp">
      <Filter>EditorDemo\Main</Filter>
    </ClCompile>
    <ClCompile Include="EditorDemo\Objects\MeshInstancingSpawner.cpp">
      <Filter>EditorDemo\Objects</Filter>
    </ClCompile>
    <ClCompile Include="EditorDemo\Objects\EnemyInstancingSpawner.cpp">
      <Filter>EditorDemo\Objects</Filter>
    </ClCompile>
    <ClCompile Include="EditorDemo\Component\ColliderLoader.cpp">
      <Filter>EditorDemo\Component</Filter>
    </ClCompile>
    <ClCompile Include="EditorDemo\Component\MaterialLoader.cpp">
      <Filter>EditorDemo\Component</Filter>
    </ClCompile>
    <ClCompile Include="EditorDemo\Component\TransformLoader.cpp">
      <Filter>EditorDemo\Component</Filter>
    </ClCompile>
    <ClCompile Include="Component\PointMoveSystem.cpp">
      <Filter>Component</Filter>
    </ClCompile>
    <ClCompile Include="stdafx.cpp" />
    <ClCompile Include="Main.cpp" />
    <ClCompile Include="V2Enemy\EnemyBehaviors\Patrolling.cpp">
      <Filter>V2Enemy\EnemyBehaviors</Filter>
    </ClCompile>
    <ClCompile Include="V2Enemy\EnemyBehaviors\EnemyBehaviorDesc.cpp">
      <Filter>V2Enemy\EnemyBehaviors</Filter>
    </ClCompile>
    <ClCompile Include="V2Enemy\EnemyBehaviors\EB_Pieces\Watchful.cpp">
      <Filter>V2Enemy\EnemyBehaviors\EB_Pieces</Filter>
    </ClCompile>
    <ClCompile Include="V2Enemy\EnemyBehaviors\EB_Pieces\PlaingOnce.cpp">
      <Filter>V2Enemy\EnemyBehaviors\EB_Pieces</Filter>
    </ClCompile>
    <ClCompile Include="V2Enemy\EnemyBehaviors\EB_Pieces\Patrol.cpp">
      <Filter>V2Enemy\EnemyBehaviors\EB_Pieces</Filter>
    </ClCompile>
    <ClCompile Include="V2Enemy\EnemyBehaviors\EB_Pieces\LookAround.cpp">
      <Filter>V2Enemy\EnemyBehaviors\EB_Pieces</Filter>
    </ClCompile>
    <ClCompile Include="V2Enemy\EnemyBehaviors\EB_Pieces\Follow.cpp">
      <Filter>V2Enemy\EnemyBehaviors\EB_Pieces</Filter>
    </ClCompile>
    <ClCompile Include="V2Enemy\EnemyDetectionSystem.cpp">
      <Filter>V2Enemy</Filter>
    </ClCompile>
    <ClCompile Include="V2Enemy\EnemyBehaviors\FieldBehavior.cpp">
      <Filter>V2Enemy\EnemyBehaviors</Filter>
    </ClCompile>
    <ClCompile Include="V2Enemy\EnemyBehaviors\FieldBehaviorInput.cpp">
      <Filter>V2Enemy\EnemyBehaviors</Filter>
    </ClCompile>
    <ClCompile Include="EditorDemo\Objects\V2EnemyInstancingSpawner.cpp">
      <Filter>EditorDemo\Objects</Filter>
    </ClCompile>
    <ClCompile Include="V2Enemy\V2EnemyMelee.cpp">
      <Filter>V2Enemy</Filter>
    </ClCompile>
    <ClCompile Include="V2Enemy\FieldEnemy.cpp">
      <Filter>V2Enemy</Filter>
    </ClCompile>
    <ClCompile Include="DelayFunction\DelayReturn.cpp">
      <Filter>DelayFunction</Filter>
    </ClCompile>
    <ClCompile Include="DelayFunction\DelayReader.cpp">
      <Filter>DelayFunction</Filter>
    </ClCompile>
  </ItemGroup>
  <ItemGroup>
    <ClInclude Include="WorldDemo.h" />
    <ClInclude Include="Character\Kachujin.h">
      <Filter>Character</Filter>
    </ClInclude>
    <ClInclude Include="EditorDemo\Scene\EditorDemo.h">
      <Filter>EditorDemo\Scene</Filter>
    </ClInclude>
    <ClInclude Include="EditorDemo\Main\SceneValue.h">
      <Filter>EditorDemo\Main</Filter>
    </ClInclude>
    <ClInclude Include="Component\HPSystem.h">
      <Filter>Component</Filter>
    </ClInclude>
    <ClInclude Include="Component\WorldLightGroup.h">
      <Filter>Component</Filter>
    </ClInclude>
    <ClInclude Include="Component\HPBar.h">
      <Filter>Component</Filter>
    </ClInclude>
    <ClInclude Include="Enemy\EnemyInstancing.h">
      <Filter>Enemy</Filter>
    </ClInclude>
    <ClInclude Include="Character\Paladin.h">
      <Filter>Character</Filter>
    </ClInclude>
    <ClInclude Include="Enemy\EnemyInstance.h">
      <Filter>Enemy</Filter>
    </ClInclude>
    <ClInclude Include="Component\RotateSystem.h">
      <Filter>Component</Filter>
    </ClInclude>
    <ClInclude Include="Player\WorldPlayer.h">
      <Filter>Player</Filter>
    </ClInclude>
    <ClInclude Include="Player\UserKeyState.h">
      <Filter>Player</Filter>
    </ClInclude>
    <ClInclude Include="Player\CharacterController.h">
      <Filter>Player</Filter>
    </ClInclude>
    <ClInclude Include="Component\AttackAnimation.h">
      <Filter>Component\Attack</Filter>
    </ClInclude>
    <ClInclude Include="Component\AttackSystem.h">
      <Filter>Component\Attack</Filter>
    </ClInclude>
    <ClInclude Include="Component\NormalAttack.h">
      <Filter>Component\Attack</Filter>
    </ClInclude>
    <ClInclude Include="Component\MagicAttack.h">
      <Filter>Component\Attack</Filter>
    </ClInclude>
    <ClInclude Include="Enemy\MeleeEnemy.h">
      <Filter>Enemy</Filter>
    </ClInclude>
    <ClInclude Include="Enemy\EnemyDesc.h">
      <Filter>Enemy</Filter>
    </ClInclude>
    <ClInclude Include="Enemy\MagicianEnemy.h">
      <Filter>Enemy</Filter>
    </ClInclude>
    <ClInclude Include="Character\Friedrich.h">
      <Filter>Character</Filter>
    </ClInclude>
    <ClInclude Include="Character\GasMask.h">
      <Filter>Character</Filter>
    </ClInclude>
    <ClInclude Include="EditorDemo\Main\ObjectSpawnerFactory.h">
      <Filter>EditorDemo\Main</Filter>
    </ClInclude>
    <ClInclude Include="EditorDemo\Main\IObjectSpawner.h">
      <Filter>EditorDemo\Main</Filter>
    </ClInclude>
    <ClInclude Include="EditorDemo\Main\SceneLoader.h">
      <Filter>EditorDemo\Main</Filter>
    </ClInclude>
    <ClInclude Include="EditorDemo\Objects\MeshInstancingSpawner.h">
      <Filter>EditorDemo\Objects</Filter>
    </ClInclude>
    <ClInclude Include="EditorDemo\Objects\EnemyInstancingSpawner.h">
      <Filter>EditorDemo\Objects</Filter>
    </ClInclude>
    <ClInclude Include="EditorDemo\Component\ColliderLoader.h">
      <Filter>EditorDemo\Component</Filter>
    </ClInclude>
    <ClInclude Include="EditorDemo\Component\MaterialLoader.h">
      <Filter>EditorDemo\Component</Filter>
    </ClInclude>
    <ClInclude Include="EditorDemo\Component\TransformLoader.h">
      <Filter>EditorDemo\Component</Filter>
    </ClInclude>
    <ClInclude Include="Component\PointMoveSystem.h">
      <Filter>Component</Filter>
    </ClInclude>
    <ClInclude Include="DelayFunction\DelayFunction.h">
      <Filter>DelayFunction</Filter>
    </ClInclude>
    <ClInclude Include="V2Enemy\V2EnemyDesc.h">
      <Filter>V2Enemy</Filter>
    </ClInclude>
    <ClInclude Include="stdafx.h" />
    <ClInclude Include="Main.h" />
    <ClInclude Include="V2Enemy\EnemyBehaviors\Patrolling.h">
      <Filter>V2Enemy\EnemyBehaviors</Filter>
    </ClInclude>
    <ClInclude Include="V2Enemy\EnemyBehaviors\EnemyBehaviorDesc.h">
      <Filter>V2Enemy\EnemyBehaviors</Filter>
    </ClInclude>
    <ClInclude Include="V2Enemy\EnemyBehaviors\EB_Pieces\Watchful.h">
      <Filter>V2Enemy\EnemyBehaviors\EB_Pieces</Filter>
    </ClInclude>
    <ClInclude Include="V2Enemy\EnemyBehaviors\EB_Pieces\PlaingOnce.h">
      <Filter>V2Enemy\EnemyBehaviors\EB_Pieces</Filter>
    </ClInclude>
    <ClInclude Include="V2Enemy\EnemyBehaviors\EB_Pieces\Patrol.h">
      <Filter>V2Enemy\EnemyBehaviors\EB_Pieces</Filter>
    </ClInclude>
    <ClInclude Include="V2Enemy\EnemyBehaviors\EB_Pieces\LookAround.h">
      <Filter>V2Enemy\EnemyBehaviors\EB_Pieces</Filter>
    </ClInclude>
    <ClInclude Include="V2Enemy\EnemyBehaviors\EB_Pieces\Follow.h">
      <Filter>V2Enemy\EnemyBehaviors\EB_Pieces</Filter>
    </ClInclude>
    <ClInclude Include="V2Enemy\EnemyBehaviors\EB_Pieces\EnemyBehaviorPieceDesc.h">
      <Filter>V2Enemy\EnemyBehaviors\EB_Pieces</Filter>
    </ClInclude>
    <ClInclude Include="V2Enemy\EnemyDetectionSystem.h">
      <Filter>V2Enemy</Filter>
    </ClInclude>
    <ClInclude Include="V2Enemy\EnemyBehaviors\FieldBehavior.h">
      <Filter>V2Enemy\EnemyBehaviors</Filter>
    </ClInclude>
    <ClInclude Include="V2Enemy\EnemyBehaviors\FieldBehaviorInput.h">
      <Filter>V2Enemy\EnemyBehaviors</Filter>
    </ClInclude>
    <ClInclude Include="EditorDemo\Objects\V2EnemyInstancingSpawner.h">
      <Filter>EditorDemo\Objects</Filter>
    </ClInclude>
    <ClInclude Include="V2Enemy\V2EnemyMelee.h">
      <Filter>V2Enemy</Filter>
    </ClInclude>
    <ClInclude Include="V2Enemy\FieldEnemy.h">
      <Filter>V2Enemy</Filter>
    </ClInclude>
    <ClInclude Include="DelayFunction\DelayReturn.h">
      <Filter>DelayFunction</Filter>
    </ClInclude>
    <ClInclude Include="DelayFunction\IDelayFunction.h">
      <Filter>DelayFunction</Filter>
    </ClInclude>
    <ClInclude Include="DelayFunction\DelayReader.h">
      <Filter>DelayFunction</Filter>
    </ClInclude>
  </ItemGroup>
  <ItemGroup>
    <Filter Include="Character">
      <UniqueIdentifier>{5f036dd1-dfc0-4334-9e7e-6f2c3740d30d}</UniqueIdentifier>
    </Filter>
    <Filter Include="EditorDemo">
      <UniqueIdentifier>{38718355-3b79-40cc-819e-9812f434f421}</UniqueIdentifier>
    </Filter>
    <Filter Include="EditorDemo\Objects">
      <UniqueIdentifier>{1838f51f-aa90-4467-a190-537210b9c343}</UniqueIdentifier>
    </Filter>
    <Filter Include="EditorDemo\Main">
      <UniqueIdentifier>{aad9f2dd-1144-478a-9786-6aec3bad607a}</UniqueIdentifier>
    </Filter>
    <Filter Include="EditorDemo\Scene">
      <UniqueIdentifier>{d49bacb5-a9b9-4239-b003-2b5790d664fd}</UniqueIdentifier>
    </Filter>
    <Filter Include="Component">
      <UniqueIdentifier>{81f742fd-c104-46df-adbd-29e74570a516}</UniqueIdentifier>
    </Filter>
    <Filter Include="Enemy">
      <UniqueIdentifier>{278b0a78-90de-4cbd-a192-52cc4235721a}</UniqueIdentifier>
    </Filter>
    <Filter Include="Player">
      <UniqueIdentifier>{03cc99b1-fe2e-419a-af29-d12933065d28}</UniqueIdentifier>
    </Filter>
    <Filter Include="Component\Attack">
      <UniqueIdentifier>{037b9337-0c9e-43d3-b2f7-e26fb5e5c9b7}</UniqueIdentifier>
    </Filter>
    <Filter Include="EditorDemo\Component">
      <UniqueIdentifier>{f3bed2c3-11b9-423c-b63d-984c34bd74ba}</UniqueIdentifier>
    </Filter>
    <Filter Include="V2Enemy">
      <UniqueIdentifier>{9885b417-6f01-42e6-8065-1ac037d0fada}</UniqueIdentifier>
    </Filter>
    <Filter Include="DelayFunction">
      <UniqueIdentifier>{803e734d-bdd1-4ce4-8f49-289a8c25b97e}</UniqueIdentifier>
    </Filter>
    <Filter Include="V2Enemy\EnemyBehaviors">
      <UniqueIdentifier>{c69a8493-5a98-4f60-9a60-f9fd639cd191}</UniqueIdentifier>
    </Filter>
    <Filter Include="V2Enemy\EnemyBehaviors\EB_Pieces">
      <UniqueIdentifier>{3b4ad07f-964e-4c09-9683-a6cd9e9cd094}</UniqueIdentifier>
    </Filter>
  </ItemGroup>
</Project>